// !$*UTF8*$!
{
	archiveVersion = 1;
	classes = {
	};
	objectVersion = 48;
	objects = {

/* Begin PBXBuildFile section */
		B4721633202A9AE40086D686 /* AppDelegate.m in Sources */ = {isa = PBXBuildFile; fileRef = B4721632202A9AE40086D686 /* AppDelegate.m */; };
		B4721639202A9AE40086D686 /* Main.storyboard in Resources */ = {isa = PBXBuildFile; fileRef = B4721637202A9AE40086D686 /* Main.storyboard */; };
		B472163B202A9AE40086D686 /* Assets.xcassets in Resources */ = {isa = PBXBuildFile; fileRef = B472163A202A9AE40086D686 /* Assets.xcassets */; };
		B472163E202A9AE40086D686 /* LaunchScreen.storyboard in Resources */ = {isa = PBXBuildFile; fileRef = B472163C202A9AE40086D686 /* LaunchScreen.storyboard */; };
		B4721641202A9AE40086D686 /* main.m in Sources */ = {isa = PBXBuildFile; fileRef = B4721640202A9AE40086D686 /* main.m */; };
		B472164D202A9CB40086D686 /* WZMainTabBarController.m in Sources */ = {isa = PBXBuildFile; fileRef = B4721649202A9CB30086D686 /* WZMainTabBarController.m */; };
		B472164E202A9CB40086D686 /* WZMainNavigationController.m in Sources */ = {isa = PBXBuildFile; fileRef = B472164C202A9CB40086D686 /* WZMainNavigationController.m */; };
		B4721654202AA13E0086D686 /* WZHomeViewController.m in Sources */ = {isa = PBXBuildFile; fileRef = B4721653202AA13E0086D686 /* WZHomeViewController.m */; };
		B4721657202AA73C0086D686 /* WZNetworkingTool.m in Sources */ = {isa = PBXBuildFile; fileRef = B4721656202AA73C0086D686 /* WZNetworkingTool.m */; };
		B472165A202AA8EA0086D686 /* WZProgressHUD.m in Sources */ = {isa = PBXBuildFile; fileRef = B4721659202AA8EA0086D686 /* WZProgressHUD.m */; };
		B472165F202AD1FB0086D686 /* WZBaseTableView.m in Sources */ = {isa = PBXBuildFile; fileRef = B472165E202AD1FB0086D686 /* WZBaseTableView.m */; };
		B4721665202AD5210086D686 /* UIColor+Hex.m in Sources */ = {isa = PBXBuildFile; fileRef = B4721664202AD5210086D686 /* UIColor+Hex.m */; };
		D10EDAB60CAD241A187FAC11 /* libPods-MyObjective_C.a in Frameworks */ = {isa = PBXBuildFile; fileRef = 1F8DFC23C10C455CBEB8E94A /* libPods-MyObjective_C.a */; };
/* End PBXBuildFile section */

/* Begin PBXFileReference section */
		1F8DFC23C10C455CBEB8E94A /* libPods-MyObjective_C.a */ = {isa = PBXFileReference; explicitFileType = archive.ar; includeInIndex = 0; path = "libPods-MyObjective_C.a"; sourceTree = BUILT_PRODUCTS_DIR; };
		7A764F6FC7E6E46FCF9428C9 /* Pods-MyObjective_C.release.xcconfig */ = {isa = PBXFileReference; includeInIndex = 1; lastKnownFileType = text.xcconfig; name = "Pods-MyObjective_C.release.xcconfig"; path = "Pods/Target Support Files/Pods-MyObjective_C/Pods-MyObjective_C.release.xcconfig"; sourceTree = "<group>"; };
		7F86F83E0D10544854DC0373 /* Pods-MyObjective_C.debug.xcconfig */ = {isa = PBXFileReference; includeInIndex = 1; lastKnownFileType = text.xcconfig; name = "Pods-MyObjective_C.debug.xcconfig"; path = "Pods/Target Support Files/Pods-MyObjective_C/Pods-MyObjective_C.debug.xcconfig"; sourceTree = "<group>"; };
		B472162E202A9AE40086D686 /* MyObjective_C.app */ = {isa = PBXFileReference; explicitFileType = wrapper.application; includeInIndex = 0; path = MyObjective_C.app; sourceTree = BUILT_PRODUCTS_DIR; };
		B4721631202A9AE40086D686 /* AppDelegate.h */ = {isa = PBXFileReference; lastKnownFileType = sourcecode.c.h; path = AppDelegate.h; sourceTree = "<group>"; };
		B4721632202A9AE40086D686 /* AppDelegate.m */ = {isa = PBXFileReference; lastKnownFileType = sourcecode.c.objc; path = AppDelegate.m; sourceTree = "<group>"; };
		B4721638202A9AE40086D686 /* Base */ = {isa = PBXFileReference; lastKnownFileType = file.storyboard; name = Base; path = Base.lproj/Main.storyboard; sourceTree = "<group>"; };
		B472163A202A9AE40086D686 /* Assets.xcassets */ = {isa = PBXFileReference; lastKnownFileType = folder.assetcatalog; path = Assets.xcassets; sourceTree = "<group>"; };
		B472163D202A9AE40086D686 /* Base */ = {isa = PBXFileReference; lastKnownFileType = file.storyboard; name = Base; path = Base.lproj/LaunchScreen.storyboard; sourceTree = "<group>"; };
		B472163F202A9AE40086D686 /* Info.plist */ = {isa = PBXFileReference; lastKnownFileType = text.plist.xml; path = Info.plist; sourceTree = "<group>"; };
		B4721640202A9AE40086D686 /* main.m */ = {isa = PBXFileReference; lastKnownFileType = sourcecode.c.objc; path = main.m; sourceTree = "<group>"; };
		B4721649202A9CB30086D686 /* WZMainTabBarController.m */ = {isa = PBXFileReference; fileEncoding = 4; lastKnownFileType = sourcecode.c.objc; path = WZMainTabBarController.m; sourceTree = "<group>"; };
		B472164A202A9CB30086D686 /* WZMainNavigationController.h */ = {isa = PBXFileReference; fileEncoding = 4; lastKnownFileType = sourcecode.c.h; path = WZMainNavigationController.h; sourceTree = "<group>"; };
		B472164B202A9CB30086D686 /* WZMainTabBarController.h */ = {isa = PBXFileReference; fileEncoding = 4; lastKnownFileType = sourcecode.c.h; path = WZMainTabBarController.h; sourceTree = "<group>"; };
		B472164C202A9CB40086D686 /* WZMainNavigationController.m */ = {isa = PBXFileReference; fileEncoding = 4; lastKnownFileType = sourcecode.c.objc; path = WZMainNavigationController.m; sourceTree = "<group>"; };
		B472164F202AA0B00086D686 /* WZCommon.h */ = {isa = PBXFileReference; lastKnownFileType = sourcecode.c.h; path = WZCommon.h; sourceTree = "<group>"; };
		B4721652202AA13E0086D686 /* WZHomeViewController.h */ = {isa = PBXFileReference; lastKnownFileType = sourcecode.c.h; path = WZHomeViewController.h; sourceTree = "<group>"; };
		B4721653202AA13E0086D686 /* WZHomeViewController.m */ = {isa = PBXFileReference; lastKnownFileType = sourcecode.c.objc; path = WZHomeViewController.m; sourceTree = "<group>"; };
		B4721655202AA73C0086D686 /* WZNetworkingTool.h */ = {isa = PBXFileReference; lastKnownFileType = sourcecode.c.h; path = WZNetworkingTool.h; sourceTree = "<group>"; };
		B4721656202AA73C0086D686 /* WZNetworkingTool.m */ = {isa = PBXFileReference; lastKnownFileType = sourcecode.c.objc; path = WZNetworkingTool.m; sourceTree = "<group>"; };
		B4721658202AA8EA0086D686 /* WZProgressHUD.h */ = {isa = PBXFileReference; lastKnownFileType = sourcecode.c.h; path = WZProgressHUD.h; sourceTree = "<group>"; };
		B4721659202AA8EA0086D686 /* WZProgressHUD.m */ = {isa = PBXFileReference; lastKnownFileType = sourcecode.c.objc; path = WZProgressHUD.m; sourceTree = "<group>"; };
		B472165D202AD1FB0086D686 /* WZBaseTableView.h */ = {isa = PBXFileReference; lastKnownFileType = sourcecode.c.h; path = WZBaseTableView.h; sourceTree = "<group>"; };
		B472165E202AD1FB0086D686 /* WZBaseTableView.m */ = {isa = PBXFileReference; lastKnownFileType = sourcecode.c.objc; path = WZBaseTableView.m; sourceTree = "<group>"; };
		B4721663202AD5210086D686 /* UIColor+Hex.h */ = {isa = PBXFileReference; lastKnownFileType = sourcecode.c.h; path = "UIColor+Hex.h"; sourceTree = "<group>"; };
		B4721664202AD5210086D686 /* UIColor+Hex.m */ = {isa = PBXFileReference; lastKnownFileType = sourcecode.c.objc; path = "UIColor+Hex.m"; sourceTree = "<group>"; };
/* End PBXFileReference section */

/* Begin PBXFrameworksBuildPhase section */
		B472162B202A9AE40086D686 /* Frameworks */ = {
			isa = PBXFrameworksBuildPhase;
			buildActionMask = 2147483647;
			files = (
				D10EDAB60CAD241A187FAC11 /* libPods-MyObjective_C.a in Frameworks */,
			);
			runOnlyForDeploymentPostprocessing = 0;
		};
/* End PBXFrameworksBuildPhase section */

/* Begin PBXGroup section */
		4ECAB187B7C9DBEB0027049C /* Frameworks */ = {
			isa = PBXGroup;
			children = (
				1F8DFC23C10C455CBEB8E94A /* libPods-MyObjective_C.a */,
			);
			name = Frameworks;
			sourceTree = "<group>";
		};
		B4721625202A9AE40086D686 = {
			isa = PBXGroup;
			children = (
				B4721630202A9AE40086D686 /* MyObjective_C */,
				B472162F202A9AE40086D686 /* Products */,
				DB86D55CAFB28702457E83A3 /* Pods */,
				4ECAB187B7C9DBEB0027049C /* Frameworks */,
			);
			sourceTree = "<group>";
		};
		B472162F202A9AE40086D686 /* Products */ = {
			isa = PBXGroup;
			children = (
				B472162E202A9AE40086D686 /* MyObjective_C.app */,
			);
			name = Products;
			sourceTree = "<group>";
		};
		B4721630202A9AE40086D686 /* MyObjective_C */ = {
			isa = PBXGroup;
			children = (
				B4721650202AA11E0086D686 /* Class */,
				B4721631202A9AE40086D686 /* AppDelegate.h */,
				B4721632202A9AE40086D686 /* AppDelegate.m */,
				B4721637202A9AE40086D686 /* Main.storyboard */,
				B472163A202A9AE40086D686 /* Assets.xcassets */,
				B472163C202A9AE40086D686 /* LaunchScreen.storyboard */,
				B472163F202A9AE40086D686 /* Info.plist */,
				B4721640202A9AE40086D686 /* main.m */,
			);
			path = MyObjective_C;
			sourceTree = "<group>";
		};
		B4721647202A9C0A0086D686 /* Tools */ = {
			isa = PBXGroup;
			children = (
				B472164F202AA0B00086D686 /* WZCommon.h */,
				B4721655202AA73C0086D686 /* WZNetworkingTool.h */,
				B4721656202AA73C0086D686 /* WZNetworkingTool.m */,
				B4721658202AA8EA0086D686 /* WZProgressHUD.h */,
				B4721659202AA8EA0086D686 /* WZProgressHUD.m */,
				B4721663202AD5210086D686 /* UIColor+Hex.h */,
				B4721664202AD5210086D686 /* UIColor+Hex.m */,
			);
			path = Tools;
			sourceTree = "<group>";
		};
		B4721648202A9C130086D686 /* Main */ = {
			isa = PBXGroup;
			children = (
				B472164A202A9CB30086D686 /* WZMainNavigationController.h */,
				B472164C202A9CB40086D686 /* WZMainNavigationController.m */,
				B472164B202A9CB30086D686 /* WZMainTabBarController.h */,
				B4721649202A9CB30086D686 /* WZMainTabBarController.m */,
			);
			path = Main;
			sourceTree = "<group>";
		};
		B4721650202AA11E0086D686 /* Class */ = {
			isa = PBXGroup;
			children = (
				B472165B202AD1BE0086D686 /* Base */,
				B4721647202A9C0A0086D686 /* Tools */,
				B4721648202A9C130086D686 /* Main */,
				B4721651202AA1250086D686 /* Home */,
			);
			path = Class;
			sourceTree = "<group>";
		};
		B4721651202AA1250086D686 /* Home */ = {
			isa = PBXGroup;
			children = (
				B4721652202AA13E0086D686 /* WZHomeViewController.h */,
				B4721653202AA13E0086D686 /* WZHomeViewController.m */,
			);
			name = Home;
			sourceTree = "<group>";
		};
		B472165B202AD1BE0086D686 /* Base */ = {
			isa = PBXGroup;
			children = (
				B472165D202AD1FB0086D686 /* WZBaseTableView.h */,
				B472165E202AD1FB0086D686 /* WZBaseTableView.m */,
			);
			path = Base;
			sourceTree = "<group>";
		};
		DB86D55CAFB28702457E83A3 /* Pods */ = {
			isa = PBXGroup;
			children = (
				7F86F83E0D10544854DC0373 /* Pods-MyObjective_C.debug.xcconfig */,
				7A764F6FC7E6E46FCF9428C9 /* Pods-MyObjective_C.release.xcconfig */,
			);
			name = Pods;
			sourceTree = "<group>";
		};
/* End PBXGroup section */

/* Begin PBXNativeTarget section */
		B472162D202A9AE40086D686 /* MyObjective_C */ = {
			isa = PBXNativeTarget;
			buildConfigurationList = B4721644202A9AE40086D686 /* Build configuration list for PBXNativeTarget "MyObjective_C" */;
			buildPhases = (
				D7E1877D2BC754DD07165BC7 /* [CP] Check Pods Manifest.lock */,
				B472162A202A9AE40086D686 /* Sources */,
				B472162B202A9AE40086D686 /* Frameworks */,
				B472162C202A9AE40086D686 /* Resources */,
				1304E9B58956C62C86C88159 /* [CP] Embed Pods Frameworks */,
				43D8B8883A529113C20FC7DC /* [CP] Copy Pods Resources */,
			);
			buildRules = (
			);
			dependencies = (
			);
			name = MyObjective_C;
			productName = MyObjective_C;
			productReference = B472162E202A9AE40086D686 /* MyObjective_C.app */;
			productType = "com.apple.product-type.application";
		};
/* End PBXNativeTarget section */

/* Begin PBXProject section */
		B4721626202A9AE40086D686 /* Project object */ = {
			isa = PBXProject;
			attributes = {
				LastUpgradeCheck = 0910;
				ORGANIZATIONNAME = arther;
				TargetAttributes = {
					B472162D202A9AE40086D686 = {
						CreatedOnToolsVersion = 9.1;
						ProvisioningStyle = Automatic;
					};
				};
			};
			buildConfigurationList = B4721629202A9AE40086D686 /* Build configuration list for PBXProject "MyObjective_C" */;
			compatibilityVersion = "Xcode 8.0";
			developmentRegion = en;
			hasScannedForEncodings = 0;
			knownRegions = (
				en,
				Base,
			);
			mainGroup = B4721625202A9AE40086D686;
			productRefGroup = B472162F202A9AE40086D686 /* Products */;
			projectDirPath = "";
			projectRoot = "";
			targets = (
				B472162D202A9AE40086D686 /* MyObjective_C */,
			);
		};
/* End PBXProject section */

/* Begin PBXResourcesBuildPhase section */
		B472162C202A9AE40086D686 /* Resources */ = {
			isa = PBXResourcesBuildPhase;
			buildActionMask = 2147483647;
			files = (
				B472163E202A9AE40086D686 /* LaunchScreen.storyboard in Resources */,
				B472163B202A9AE40086D686 /* Assets.xcassets in Resources */,
				B4721639202A9AE40086D686 /* Main.storyboard in Resources */,
			);
			runOnlyForDeploymentPostprocessing = 0;
		};
/* End PBXResourcesBuildPhase section */

/* Begin PBXShellScriptBuildPhase section */
		1304E9B58956C62C86C88159 /* [CP] Embed Pods Frameworks */ = {
			isa = PBXShellScriptBuildPhase;
			buildActionMask = 2147483647;
			files = (
			);
			inputPaths = (
			);
			name = "[CP] Embed Pods Frameworks";
			outputPaths = (
			);
			runOnlyForDeploymentPostprocessing = 0;
			shellPath = /bin/sh;
			shellScript = "\"${SRCROOT}/Pods/Target Support Files/Pods-MyObjective_C/Pods-MyObjective_C-frameworks.sh\"\n";
			showEnvVarsInLog = 0;
		};
		43D8B8883A529113C20FC7DC /* [CP] Copy Pods Resources */ = {
			isa = PBXShellScriptBuildPhase;
			buildActionMask = 2147483647;
			files = (
			);
			inputPaths = (
			);
			name = "[CP] Copy Pods Resources";
			outputPaths = (
			);
			runOnlyForDeploymentPostprocessing = 0;
			shellPath = /bin/sh;
			shellScript = "\"${SRCROOT}/Pods/Target Support Files/Pods-MyObjective_C/Pods-MyObjective_C-resources.sh\"\n";
			showEnvVarsInLog = 0;
		};
		D7E1877D2BC754DD07165BC7 /* [CP] Check Pods Manifest.lock */ = {
			isa = PBXShellScriptBuildPhase;
			buildActionMask = 2147483647;
			files = (
			);
			inputPaths = (
				"${PODS_PODFILE_DIR_PATH}/Podfile.lock",
				"${PODS_ROOT}/Manifest.lock",
			);
			name = "[CP] Check Pods Manifest.lock";
			outputPaths = (
				"$(DERIVED_FILE_DIR)/Pods-MyObjective_C-checkManifestLockResult.txt",
			);
			runOnlyForDeploymentPostprocessing = 0;
			shellPath = /bin/sh;
			shellScript = "diff \"${PODS_PODFILE_DIR_PATH}/Podfile.lock\" \"${PODS_ROOT}/Manifest.lock\" > /dev/null\nif [ $? != 0 ] ; then\n    # print error to STDERR\n    echo \"error: The sandbox is not in sync with the Podfile.lock. Run 'pod install' or update your CocoaPods installation.\" >&2\n    exit 1\nfi\n# This output is used by Xcode 'outputs' to avoid re-running this script phase.\necho \"SUCCESS\" > \"${SCRIPT_OUTPUT_FILE_0}\"\n";
			showEnvVarsInLog = 0;
		};
/* End PBXShellScriptBuildPhase section */

/* Begin PBXSourcesBuildPhase section */
		B472162A202A9AE40086D686 /* Sources */ = {
			isa = PBXSourcesBuildPhase;
			buildActionMask = 2147483647;
			files = (
				B4721654202AA13E0086D686 /* WZHomeViewController.m in Sources */,
				B472165A202AA8EA0086D686 /* WZProgressHUD.m in Sources */,
				B472164E202A9CB40086D686 /* WZMainNavigationController.m in Sources */,
				B472165F202AD1FB0086D686 /* WZBaseTableView.m in Sources */,
				B4721665202AD5210086D686 /* UIColor+Hex.m in Sources */,
				B472164D202A9CB40086D686 /* WZMainTabBarController.m in Sources */,
				B4721641202A9AE40086D686 /* main.m in Sources */,
				B4721657202AA73C0086D686 /* WZNetworkingTool.m in Sources */,
				B4721633202A9AE40086D686 /* AppDelegate.m in Sources */,
			);
			runOnlyForDeploymentPostprocessing = 0;
		};
/* End PBXSourcesBuildPhase section */

/* Begin PBXVariantGroup section */
		B4721637202A9AE40086D686 /* Main.storyboard */ = {
			isa = PBXVariantGroup;
			children = (
				B4721638202A9AE40086D686 /* Base */,
			);
			name = Main.storyboard;
			sourceTree = "<group>";
		};
		B472163C202A9AE40086D686 /* LaunchScreen.storyboard */ = {
			isa = PBXVariantGroup;
			children = (
				B472163D202A9AE40086D686 /* Base */,
			);
			name = LaunchScreen.storyboard;
			sourceTree = "<group>";
		};
/* End PBXVariantGroup section */

/* Begin XCBuildConfiguration section */
		B4721642202A9AE40086D686 /* Debug */ = {
			isa = XCBuildConfiguration;
			buildSettings = {
				ALWAYS_SEARCH_USER_PATHS = NO;
				CLANG_ANALYZER_NONNULL = YES;
				CLANG_ANALYZER_NUMBER_OBJECT_CONVERSION = YES_AGGRESSIVE;
				CLANG_CXX_LANGUAGE_STANDARD = "gnu++14";
				CLANG_CXX_LIBRARY = "libc++";
				CLANG_ENABLE_MODULES = YES;
				CLANG_ENABLE_OBJC_ARC = YES;
				CLANG_WARN_BLOCK_CAPTURE_AUTORELEASING = YES;
				CLANG_WARN_BOOL_CONVERSION = YES;
				CLANG_WARN_COMMA = YES;
				CLANG_WARN_CONSTANT_CONVERSION = YES;
				CLANG_WARN_DIRECT_OBJC_ISA_USAGE = YES_ERROR;
				CLANG_WARN_DOCUMENTATION_COMMENTS = YES;
				CLANG_WARN_EMPTY_BODY = YES;
				CLANG_WARN_ENUM_CONVERSION = YES;
				CLANG_WARN_INFINITE_RECURSION = YES;
				CLANG_WARN_INT_CONVERSION = YES;
				CLANG_WARN_NON_LITERAL_NULL_CONVERSION = YES;
				CLANG_WARN_OBJC_LITERAL_CONVERSION = YES;
				CLANG_WARN_OBJC_ROOT_CLASS = YES_ERROR;
				CLANG_WARN_RANGE_LOOP_ANALYSIS = YES;
				CLANG_WARN_STRICT_PROTOTYPES = YES;
				CLANG_WARN_SUSPICIOUS_MOVE = YES;
				CLANG_WARN_UNGUARDED_AVAILABILITY = YES_AGGRESSIVE;
				CLANG_WARN_UNREACHABLE_CODE = YES;
				CLANG_WARN__DUPLICATE_METHOD_MATCH = YES;
				CODE_SIGN_IDENTITY = "iPhone Developer";
				COPY_PHASE_STRIP = NO;
				DEBUG_INFORMATION_FORMAT = dwarf;
				ENABLE_STRICT_OBJC_MSGSEND = YES;
				ENABLE_TESTABILITY = YES;
				GCC_C_LANGUAGE_STANDARD = gnu11;
				GCC_DYNAMIC_NO_PIC = NO;
				GCC_NO_COMMON_BLOCKS = YES;
				GCC_OPTIMIZATION_LEVEL = 0;
				GCC_PREPROCESSOR_DEFINITIONS = (
					"DEBUG=1",
					"$(inherited)",
				);
				GCC_WARN_64_TO_32_BIT_CONVERSION = YES;
				GCC_WARN_ABOUT_RETURN_TYPE = YES_ERROR;
				GCC_WARN_UNDECLARED_SELECTOR = YES;
				GCC_WARN_UNINITIALIZED_AUTOS = YES_AGGRESSIVE;
				GCC_WARN_UNUSED_FUNCTION = YES;
				GCC_WARN_UNUSED_VARIABLE = YES;
				IPHONEOS_DEPLOYMENT_TARGET = 11.1;
				MTL_ENABLE_DEBUG_INFO = YES;
				ONLY_ACTIVE_ARCH = YES;
				SDKROOT = iphoneos;
			};
			name = Debug;
		};
		B4721643202A9AE40086D686 /* Release */ = {
			isa = XCBuildConfiguration;
			buildSettings = {
				ALWAYS_SEARCH_USER_PATHS = NO;
				CLANG_ANALYZER_NONNULL = YES;
				CLANG_ANALYZER_NUMBER_OBJECT_CONVERSION = YES_AGGRESSIVE;
				CLANG_CXX_LANGUAGE_STANDARD = "gnu++14";
				CLANG_CXX_LIBRARY = "libc++";
				CLANG_ENABLE_MODULES = YES;
				CLANG_ENABLE_OBJC_ARC = YES;
				CLANG_WARN_BLOCK_CAPTURE_AUTORELEASING = YES;
				CLANG_WARN_BOOL_CONVERSION = YES;
				CLANG_WARN_COMMA = YES;
				CLANG_WARN_CONSTANT_CONVERSION = YES;
				CLANG_WARN_DIRECT_OBJC_ISA_USAGE = YES_ERROR;
				CLANG_WARN_DOCUMENTATION_COMMENTS = YES;
				CLANG_WARN_EMPTY_BODY = YES;
				CLANG_WARN_ENUM_CONVERSION = YES;
				CLANG_WARN_INFINITE_RECURSION = YES;
				CLANG_WARN_INT_CONVERSION = YES;
				CLANG_WARN_NON_LITERAL_NULL_CONVERSION = YES;
				CLANG_WARN_OBJC_LITERAL_CONVERSION = YES;
				CLANG_WARN_OBJC_ROOT_CLASS = YES_ERROR;
				CLANG_WARN_RANGE_LOOP_ANALYSIS = YES;
				CLANG_WARN_STRICT_PROTOTYPES = YES;
				CLANG_WARN_SUSPICIOUS_MOVE = YES;
				CLANG_WARN_UNGUARDED_AVAILABILITY = YES_AGGRESSIVE;
				CLANG_WARN_UNREACHABLE_CODE = YES;
				CLANG_WARN__DUPLICATE_METHOD_MATCH = YES;
				CODE_SIGN_IDENTITY = "iPhone Developer";
				COPY_PHASE_STRIP = NO;
				DEBUG_INFORMATION_FORMAT = "dwarf-with-dsym";
				ENABLE_NS_ASSERTIONS = NO;
				ENABLE_STRICT_OBJC_MSGSEND = YES;
				GCC_C_LANGUAGE_STANDARD = gnu11;
				GCC_NO_COMMON_BLOCKS = YES;
				GCC_WARN_64_TO_32_BIT_CONVERSION = YES;
				GCC_WARN_ABOUT_RETURN_TYPE = YES_ERROR;
				GCC_WARN_UNDECLARED_SELECTOR = YES;
				GCC_WARN_UNINITIALIZED_AUTOS = YES_AGGRESSIVE;
				GCC_WARN_UNUSED_FUNCTION = YES;
				GCC_WARN_UNUSED_VARIABLE = YES;
				IPHONEOS_DEPLOYMENT_TARGET = 11.1;
				MTL_ENABLE_DEBUG_INFO = NO;
				SDKROOT = iphoneos;
				VALIDATE_PRODUCT = YES;
			};
			name = Release;
		};
		B4721645202A9AE40086D686 /* Debug */ = {
			isa = XCBuildConfiguration;
			baseConfigurationReference = 7F86F83E0D10544854DC0373 /* Pods-MyObjective_C.debug.xcconfig */;
			buildSettings = {
				ASSETCATALOG_COMPILER_APPICON_NAME = AppIcon;
				CODE_SIGN_STYLE = Automatic;
				INFOPLIST_FILE = MyObjective_C/Info.plist;
				IPHONEOS_DEPLOYMENT_TARGET = 8.0;
				LD_RUNPATH_SEARCH_PATHS = "$(inherited) @executable_path/Frameworks";
				PRODUCT_BUNDLE_IDENTIFIER = "com.github.553559555.MyObjective-C";
				PRODUCT_NAME = "$(TARGET_NAME)";
				TARGETED_DEVICE_FAMILY = "1,2";
			};
			name = Debug;
		};
		B4721646202A9AE40086D686 /* Release */ = {
			isa = XCBuildConfiguration;
			baseConfigurationReference = 7A764F6FC7E6E46FCF9428C9 /* Pods-MyObjective_C.release.xcconfig */;
			buildSettings = {
				ASSETCATALOG_COMPILER_APPICON_NAME = AppIcon;
				CODE_SIGN_STYLE = Automatic;
				INFOPLIST_FILE = MyObjective_C/Info.plist;
				IPHONEOS_DEPLOYMENT_TARGET = 8.0;
				LD_RUNPATH_SEARCH_PATHS = "$(inherited) @executable_path/Frameworks";
				PRODUCT_BUNDLE_IDENTIFIER = "com.github.553559555.MyObjective-C";
				PRODUCT_NAME = "$(TARGET_NAME)";
				TARGETED_DEVICE_FAMILY = "1,2";
			};
			name = Release;
		};
/* End XCBuildConfiguration section */

/* Begin XCConfigurationList section */
		B4721629202A9AE40086D686 /* Build configuration list for PBXProject "MyObjective_C" */ = {
			isa = XCConfigurationList;
			buildConfigurations = (
				B4721642202A9AE40086D686 /* Debug */,
				B4721643202A9AE40086D686 /* Release */,
			);
			defaultConfigurationIsVisible = 0;
			defaultConfigurationName = Release;
		};
		B4721644202A9AE40086D686 /* Build configuration list for PBXNativeTarget "MyObjective_C" */ = {
			isa = XCConfigurationList;
			buildConfigurations = (
				B4721645202A9AE40086D686 /* Debug */,
				B4721646202A9AE40086D686 /* Release */,
			);
			defaultConfigurationIsVisible = 0;
			defaultConfigurationName = Release;
		};
/* End XCConfigurationList section */
	};
	rootObject = B4721626202A9AE40086D686 /* Project object */;
}
